
Microsoft Visual Studio Solution File, Format Version 12.00
# Visual Studio Version 16
VisualStudioVersion = 16.0.33927.289
MinimumVisualStudioVersion = 10.0.40219.1
Project("{2150E333-8FDC-42A3-9474-1A3956D46DE8}") = "Task0", "Task0", "{14E1A17B-483E-439A-A4B2-E48C68EC4DAF}"
EndProject
Project("{FAE04EC0-301F-11D3-BF4B-00C04F79EFBC}") = "Tyuiu.PostikaAO.Sprint1.Task0.V19", "Tyuiu.PostikaAO.Sprint1.Task0.V19\Tyuiu.PostikaAO.Sprint1.Task0.V19.csproj", "{0AE58D4C-4926-4B6C-85A4-193E585C38B3}"
EndProject
Project("{FAE04EC0-301F-11D3-BF4B-00C04F79EFBC}") = "Tyuiu.PostikaAO.Sprint1.Task0.V19.Lib", "Tyuiu.PostikaAO.Sprint1.Task0.V19.Lib\Tyuiu.PostikaAO.Sprint1.Task0.V19.Lib.csproj", "{45A56DD2-E321-401E-8C10-E25080A97BD7}"
EndProject
Project("{FAE04EC0-301F-11D3-BF4B-00C04F79EFBC}") = "Tyuiu.PostikaAO.Sprint1.Task0.V19.Test", "Tyuiu.PostikaAO.Sprint1.Task0.V19.Test\Tyuiu.PostikaAO.Sprint1.Task0.V19.Test.csproj", "{30CE51A8-2638-4D8A-B725-162EDA69568C}"
EndProject
Project("{2150E333-8FDC-42A3-9474-1A3956D46DE8}") = "Task1", "Task1", "{9623F9BD-BFC7-45F8-A362-B30078EF0D87}"
EndProject
Project("{FAE04EC0-301F-11D3-BF4B-00C04F79EFBC}") = "Tyuiu.PostikaAO.Sprint1.Task1.V21", "Tyuiu.PostikaAO.Sprint1.Task1.V21\Tyuiu.PostikaAO.Sprint1.Task1.V21.csproj", "{352BCEB9-1DA8-41BA-95B3-395BCC3D5316}"
EndProject
Project("{FAE04EC0-301F-11D3-BF4B-00C04F79EFBC}") = "Tyuiu.PostikaAO.Sprint1.Task1.V21.Lib", "Tyuiu.PostikaAO.Sprint1.Task1.V21.Lib\Tyuiu.PostikaAO.Sprint1.Task1.V21.Lib.csproj", "{2D77A19A-C400-47B2-9C2C-27464D0DB551}"
EndProject
Project("{FAE04EC0-301F-11D3-BF4B-00C04F79EFBC}") = "Tyuiu.PostikaAO.Sprint1.Task1.V21.Test", "Tyuiu.PostikaAO.Sprint1.Task1.V21.Test\Tyuiu.PostikaAO.Sprint1.Task1.V21.Test.csproj", "{57571440-9280-4BC9-8703-748657453751}"
EndProject
Project("{2150E333-8FDC-42A3-9474-1A3956D46DE8}") = "Task2", "Task2", "{8DD170F5-7927-4EE9-82D0-025B64941B9E}"
EndProject
Project("{FAE04EC0-301F-11D3-BF4B-00C04F79EFBC}") = "Tyuiu.PostikaAO.Sprint1.Task2.V9", "Tyuiu.PostikaAO.Sprint1.Task2.V9\Tyuiu.PostikaAO.Sprint1.Task2.V9.csproj", "{55F21E3C-904B-4964-8ED8-CDED6A2257CA}"
EndProject
Project("{FAE04EC0-301F-11D3-BF4B-00C04F79EFBC}") = "Tyuiu.PostikaAO.Sprint1.Task2.V9.Lib", "Tyuiu.PostikaAO.Sprint1.Task2.V9.Lib\Tyuiu.PostikaAO.Sprint1.Task2.V9.Lib.csproj", "{BAD79892-5D22-4492-AB9B-CE59D58DB1E7}"
EndProject
Project("{FAE04EC0-301F-11D3-BF4B-00C04F79EFBC}") = "Tyuiu.PostikaAO.Sprint1.Task2.V9.Test", "Tyuiu.PostikaAO.Sprint1.Task2.V9.Test\Tyuiu.PostikaAO.Sprint1.Task2.V9.Test.csproj", "{D919B740-E75E-41BB-BB94-0AB5C791A4FD}"
EndProject
Project("{2150E333-8FDC-42A3-9474-1A3956D46DE8}") = "Task3", "Task3", "{D4A82C3D-A50B-473A-AF09-710DE5C89D41}"
EndProject
Project("{FAE04EC0-301F-11D3-BF4B-00C04F79EFBC}") = "Tyuiu.PostikaAO.Sprint1.Task3.V1", "Tyuiu.PostikaAO.Sprint1.Task3.V1\Tyuiu.PostikaAO.Sprint1.Task3.V1.csproj", "{B7DA29FD-72E3-4A78-A17E-E2F6C0B5777C}"
EndProject
Project("{FAE04EC0-301F-11D3-BF4B-00C04F79EFBC}") = "Tyuiu.PostikaAO.Sprint1.Task3.V1.Lib", "Tyuiu.PostikaAO.Sprint1.Task3.V1.Lib\Tyuiu.PostikaAO.Sprint1.Task3.V1.Lib.csproj", "{9110D107-B4CE-4EA7-8918-B59A8E5A31F9}"
EndProject
Project("{FAE04EC0-301F-11D3-BF4B-00C04F79EFBC}") = "Tyuiu.PostikaAO.Sprint1.Task3.V1.Test", "Tyuiu.PostikaAO.Sprint1.Task3.V1.Test\Tyuiu.PostikaAO.Sprint1.Task3.V1.Test.csproj", "{67E505D7-0A8D-45E0-AA47-F52324C0E0D2}"
EndProject
Project("{2150E333-8FDC-42A3-9474-1A3956D46DE8}") = "Task4", "Task4", "{42D884EC-2E39-4D9A-9BF7-31C207F38992}"
EndProject
Project("{FAE04EC0-301F-11D3-BF4B-00C04F79EFBC}") = "Tyuiu.PostikaAO.Sprint1.Task4.V27", "Tyuiu.PostikaAO.Sprint1.Task4.V27\Tyuiu.PostikaAO.Sprint1.Task4.V27.csproj", "{24082A6A-9878-448F-885B-0D87EC3697F9}"
EndProject
Project("{FAE04EC0-301F-11D3-BF4B-00C04F79EFBC}") = "Tyuiu.PostikaAO.Sprint1.Task4.V27.Lib", "Tyuiu.PostikaAO.Sprint1.Task4.V27.Lib\Tyuiu.PostikaAO.Sprint1.Task4.V27.Lib.csproj", "{DA58762B-6D34-4570-A1FE-668279B7810F}"
EndProject
Project("{FAE04EC0-301F-11D3-BF4B-00C04F79EFBC}") = "Tyuiu.PostikaAO.Sprint1.Task4.V27.Test", "Tyuiu.PostikaAO.Sprint1.Task4.V27.Test\Tyuiu.PostikaAO.Sprint1.Task4.V27.Test.csproj", "{09E90910-138F-4726-BD18-6AA4B28C229C}"
EndProject
Project("{2150E333-8FDC-42A3-9474-1A3956D46DE8}") = "Task5", "Task5", "{BF6483CD-5383-4ECF-AD07-83824443233E}"
EndProject
Project("{FAE04EC0-301F-11D3-BF4B-00C04F79EFBC}") = "Tyuiu.PostikaAO.Sprint1.Task5.V2", "Tyuiu.PostikaAO.Sprint1.Task5.V3\Tyuiu.PostikaAO.Sprint1.Task5.V2.csproj", "{2E388147-C704-4752-AE18-7B5B0EDC88B8}"
EndProject
Project("{FAE04EC0-301F-11D3-BF4B-00C04F79EFBC}") = "Tyuiu.PostikaAO.Sprint1.Task5.V2.Lib", "Tyuiu.PostikaAO.Sprint1.Task5.V3.Lib\Tyuiu.PostikaAO.Sprint1.Task5.V2.Lib.csproj", "{29A3972F-E10D-48D1-B43A-A8B4626812FF}"
EndProject
Project("{FAE04EC0-301F-11D3-BF4B-00C04F79EFBC}") = "Tyuiu.PostikaAO.Sprint1.Task5.V2.Test", "Tyuiu.PostikaAO.Sprint1.Task5.V3.Test\Tyuiu.PostikaAO.Sprint1.Task5.V2.Test.csproj", "{A5D7BADA-3321-4498-8262-449B31B504F5}"
EndProject
Project("{2150E333-8FDC-42A3-9474-1A3956D46DE8}") = "Task6", "Task6", "{B6809C53-C6C6-4AD7-88BC-3B6A13072642}"
EndProject
Project("{FAE04EC0-301F-11D3-BF4B-00C04F79EFBC}") = "Tyuiu.PostikaAO.Sprint1.Task6.V3", "Tyuiu.PostikaAO.Sprint1.Task6.V3\Tyuiu.PostikaAO.Sprint1.Task6.V3.csproj", "{B9F925B2-1B20-4E41-B57A-702B44FF6041}"
EndProject
Project("{FAE04EC0-301F-11D3-BF4B-00C04F79EFBC}") = "Tyuiu.PostikaAO.Sprint1.Task6.V3.Lib", "Tyuiu.PostikaAO.Sprint1.Task6.V3.Lib\Tyuiu.PostikaAO.Sprint1.Task6.V3.Lib.csproj", "{6818AFFC-B675-455B-81C5-64B37223BD05}"
EndProject
Project("{FAE04EC0-301F-11D3-BF4B-00C04F79EFBC}") = "Tyuiu.PostikaAO.Sprint1.Task6.V3.Test", "Tyuiu.PostikaAO.Sprint1.Task6.V3.Test\Tyuiu.PostikaAO.Sprint1.Task6.V3.Test.csproj", "{712BEFB8-96A0-467A-AF6D-49AE816D4195}"
EndProject
Global
	GlobalSection(SolutionConfigurationPlatforms) = preSolution
		Debug|Any CPU = Debug|Any CPU
		Release|Any CPU = Release|Any CPU
	EndGlobalSection
	GlobalSection(ProjectConfigurationPlatforms) = postSolution
		{0AE58D4C-4926-4B6C-85A4-193E585C38B3}.Debug|Any CPU.ActiveCfg = Debug|Any CPU
		{0AE58D4C-4926-4B6C-85A4-193E585C38B3}.Debug|Any CPU.Build.0 = Debug|Any CPU
		{0AE58D4C-4926-4B6C-85A4-193E585C38B3}.Release|Any CPU.ActiveCfg = Release|Any CPU
		{0AE58D4C-4926-4B6C-85A4-193E585C38B3}.Release|Any CPU.Build.0 = Release|Any CPU
		{45A56DD2-E321-401E-8C10-E25080A97BD7}.Debug|Any CPU.ActiveCfg = Debug|Any CPU
		{45A56DD2-E321-401E-8C10-E25080A97BD7}.Debug|Any CPU.Build.0 = Debug|Any CPU
		{45A56DD2-E321-401E-8C10-E25080A97BD7}.Release|Any CPU.ActiveCfg = Release|Any CPU
		{45A56DD2-E321-401E-8C10-E25080A97BD7}.Release|Any CPU.Build.0 = Release|Any CPU
		{30CE51A8-2638-4D8A-B725-162EDA69568C}.Debug|Any CPU.ActiveCfg = Debug|Any CPU
		{30CE51A8-2638-4D8A-B725-162EDA69568C}.Debug|Any CPU.Build.0 = Debug|Any CPU
		{30CE51A8-2638-4D8A-B725-162EDA69568C}.Release|Any CPU.ActiveCfg = Release|Any CPU
		{30CE51A8-2638-4D8A-B725-162EDA69568C}.Release|Any CPU.Build.0 = Release|Any CPU
		{352BCEB9-1DA8-41BA-95B3-395BCC3D5316}.Debug|Any CPU.ActiveCfg = Debug|Any CPU
		{352BCEB9-1DA8-41BA-95B3-395BCC3D5316}.Debug|Any CPU.Build.0 = Debug|Any CPU
		{352BCEB9-1DA8-41BA-95B3-395BCC3D5316}.Release|Any CPU.ActiveCfg = Release|Any CPU
		{352BCEB9-1DA8-41BA-95B3-395BCC3D5316}.Release|Any CPU.Build.0 = Release|Any CPU
		{2D77A19A-C400-47B2-9C2C-27464D0DB551}.Debug|Any CPU.ActiveCfg = Debug|Any CPU
		{2D77A19A-C400-47B2-9C2C-27464D0DB551}.Debug|Any CPU.Build.0 = Debug|Any CPU
		{2D77A19A-C400-47B2-9C2C-27464D0DB551}.Release|Any CPU.ActiveCfg = Release|Any CPU
		{2D77A19A-C400-47B2-9C2C-27464D0DB551}.Release|Any CPU.Build.0 = Release|Any CPU
		{57571440-9280-4BC9-8703-748657453751}.Debug|Any CPU.ActiveCfg = Debug|Any CPU
		{57571440-9280-4BC9-8703-748657453751}.Debug|Any CPU.Build.0 = Debug|Any CPU
		{57571440-9280-4BC9-8703-748657453751}.Release|Any CPU.ActiveCfg = Release|Any CPU
		{57571440-9280-4BC9-8703-748657453751}.Release|Any CPU.Build.0 = Release|Any CPU
		{55F21E3C-904B-4964-8ED8-CDED6A2257CA}.Debug|Any CPU.ActiveCfg = Debug|Any CPU
		{55F21E3C-904B-4964-8ED8-CDED6A2257CA}.Debug|Any CPU.Build.0 = Debug|Any CPU
		{55F21E3C-904B-4964-8ED8-CDED6A2257CA}.Release|Any CPU.ActiveCfg = Release|Any CPU
		{55F21E3C-904B-4964-8ED8-CDED6A2257CA}.Release|Any CPU.Build.0 = Release|Any CPU
		{BAD79892-5D22-4492-AB9B-CE59D58DB1E7}.Debug|Any CPU.ActiveCfg = Debug|Any CPU
		{BAD79892-5D22-4492-AB9B-CE59D58DB1E7}.Debug|Any CPU.Build.0 = Debug|Any CPU
		{BAD79892-5D22-4492-AB9B-CE59D58DB1E7}.Release|Any CPU.ActiveCfg = Release|Any CPU
		{BAD79892-5D22-4492-AB9B-CE59D58DB1E7}.Release|Any CPU.Build.0 = Release|Any CPU
		{D919B740-E75E-41BB-BB94-0AB5C791A4FD}.Debug|Any CPU.ActiveCfg = Debug|Any CPU
		{D919B740-E75E-41BB-BB94-0AB5C791A4FD}.Debug|Any CPU.Build.0 = Debug|Any CPU
		{D919B740-E75E-41BB-BB94-0AB5C791A4FD}.Release|Any CPU.ActiveCfg = Release|Any CPU
		{D919B740-E75E-41BB-BB94-0AB5C791A4FD}.Release|Any CPU.Build.0 = Release|Any CPU
		{B7DA29FD-72E3-4A78-A17E-E2F6C0B5777C}.Debug|Any CPU.ActiveCfg = Debug|Any CPU
		{B7DA29FD-72E3-4A78-A17E-E2F6C0B5777C}.Debug|Any CPU.Build.0 = Debug|Any CPU
		{B7DA29FD-72E3-4A78-A17E-E2F6C0B5777C}.Release|Any CPU.ActiveCfg = Release|Any CPU
		{B7DA29FD-72E3-4A78-A17E-E2F6C0B5777C}.Release|Any CPU.Build.0 = Release|Any CPU
		{9110D107-B4CE-4EA7-8918-B59A8E5A31F9}.Debug|Any CPU.ActiveCfg = Debug|Any CPU
		{9110D107-B4CE-4EA7-8918-B59A8E5A31F9}.Debug|Any CPU.Build.0 = Debug|Any CPU
		{9110D107-B4CE-4EA7-8918-B59A8E5A31F9}.Release|Any CPU.ActiveCfg = Release|Any CPU
		{9110D107-B4CE-4EA7-8918-B59A8E5A31F9}.Release|Any CPU.Build.0 = Release|Any CPU
		{67E505D7-0A8D-45E0-AA47-F52324C0E0D2}.Debug|Any CPU.ActiveCfg = Debug|Any CPU
		{67E505D7-0A8D-45E0-AA47-F52324C0E0D2}.Debug|Any CPU.Build.0 = Debug|Any CPU
		{67E505D7-0A8D-45E0-AA47-F52324C0E0D2}.Release|Any CPU.ActiveCfg = Release|Any CPU
		{67E505D7-0A8D-45E0-AA47-F52324C0E0D2}.Release|Any CPU.Build.0 = Release|Any CPU
		{24082A6A-9878-448F-885B-0D87EC3697F9}.Debug|Any CPU.ActiveCfg = Debug|Any CPU
		{24082A6A-9878-448F-885B-0D87EC3697F9}.Debug|Any CPU.Build.0 = Debug|Any CPU
		{24082A6A-9878-448F-885B-0D87EC3697F9}.Release|Any CPU.ActiveCfg = Release|Any CPU
		{24082A6A-9878-448F-885B-0D87EC3697F9}.Release|Any CPU.Build.0 = Release|Any CPU
		{DA58762B-6D34-4570-A1FE-668279B7810F}.Debug|Any CPU.ActiveCfg = Debug|Any CPU
		{DA58762B-6D34-4570-A1FE-668279B7810F}.Debug|Any CPU.Build.0 = Debug|Any CPU
		{DA58762B-6D34-4570-A1FE-668279B7810F}.Release|Any CPU.ActiveCfg = Release|Any CPU
		{DA58762B-6D34-4570-A1FE-668279B7810F}.Release|Any CPU.Build.0 = Release|Any CPU
		{09E90910-138F-4726-BD18-6AA4B28C229C}.Debug|Any CPU.ActiveCfg = Debug|Any CPU
		{09E90910-138F-4726-BD18-6AA4B28C229C}.Debug|Any CPU.Build.0 = Debug|Any CPU
		{09E90910-138F-4726-BD18-6AA4B28C229C}.Release|Any CPU.ActiveCfg = Release|Any CPU
		{09E90910-138F-4726-BD18-6AA4B28C229C}.Release|Any CPU.Build.0 = Release|Any CPU
		{2E388147-C704-4752-AE18-7B5B0EDC88B8}.Debug|Any CPU.ActiveCfg = Debug|Any CPU
		{2E388147-C704-4752-AE18-7B5B0EDC88B8}.Debug|Any CPU.Build.0 = Debug|Any CPU
		{2E388147-C704-4752-AE18-7B5B0EDC88B8}.Release|Any CPU.ActiveCfg = Release|Any CPU
		{2E388147-C704-4752-AE18-7B5B0EDC88B8}.Release|Any CPU.Build.0 = Release|Any CPU
		{29A3972F-E10D-48D1-B43A-A8B4626812FF}.Debug|Any CPU.ActiveCfg = Debug|Any CPU
		{29A3972F-E10D-48D1-B43A-A8B4626812FF}.Debug|Any CPU.Build.0 = Debug|Any CPU
		{29A3972F-E10D-48D1-B43A-A8B4626812FF}.Release|Any CPU.ActiveCfg = Release|Any CPU
		{29A3972F-E10D-48D1-B43A-A8B4626812FF}.Release|Any CPU.Build.0 = Release|Any CPU
		{A5D7BADA-3321-4498-8262-449B31B504F5}.Debug|Any CPU.ActiveCfg = Debug|Any CPU
		{A5D7BADA-3321-4498-8262-449B31B504F5}.Debug|Any CPU.Build.0 = Debug|Any CPU
		{A5D7BADA-3321-4498-8262-449B31B504F5}.Release|Any CPU.ActiveCfg = Release|Any CPU
		{A5D7BADA-3321-4498-8262-449B31B504F5}.Release|Any CPU.Build.0 = Release|Any CPU
		{B9F925B2-1B20-4E41-B57A-702B44FF6041}.Debug|Any CPU.ActiveCfg = Debug|Any CPU
		{B9F925B2-1B20-4E41-B57A-702B44FF6041}.Debug|Any CPU.Build.0 = Debug|Any CPU
		{B9F925B2-1B20-4E41-B57A-702B44FF6041}.Release|Any CPU.ActiveCfg = Release|Any CPU
		{B9F925B2-1B20-4E41-B57A-702B44FF6041}.Release|Any CPU.Build.0 = Release|Any CPU
		{6818AFFC-B675-455B-81C5-64B37223BD05}.Debug|Any CPU.ActiveCfg = Debug|Any CPU
		{6818AFFC-B675-455B-81C5-64B37223BD05}.Debug|Any CPU.Build.0 = Debug|Any CPU
		{6818AFFC-B675-455B-81C5-64B37223BD05}.Release|Any CPU.ActiveCfg = Release|Any CPU
		{6818AFFC-B675-455B-81C5-64B37223BD05}.Release|Any CPU.Build.0 = Release|Any CPU
		{712BEFB8-96A0-467A-AF6D-49AE816D4195}.Debug|Any CPU.ActiveCfg = Debug|Any CPU
		{712BEFB8-96A0-467A-AF6D-49AE816D4195}.Debug|Any CPU.Build.0 = Debug|Any CPU
		{712BEFB8-96A0-467A-AF6D-49AE816D4195}.Release|Any CPU.ActiveCfg = Release|Any CPU
		{712BEFB8-96A0-467A-AF6D-49AE816D4195}.Release|Any CPU.Build.0 = Release|Any CPU
	EndGlobalSection
	GlobalSection(SolutionProperties) = preSolution
		HideSolutionNode = FALSE
	EndGlobalSection
	GlobalSection(NestedProjects) = preSolution
		{0AE58D4C-4926-4B6C-85A4-193E585C38B3} = {14E1A17B-483E-439A-A4B2-E48C68EC4DAF}
		{45A56DD2-E321-401E-8C10-E25080A97BD7} = {14E1A17B-483E-439A-A4B2-E48C68EC4DAF}
		{30CE51A8-2638-4D8A-B725-162EDA69568C} = {14E1A17B-483E-439A-A4B2-E48C68EC4DAF}
		{352BCEB9-1DA8-41BA-95B3-395BCC3D5316} = {9623F9BD-BFC7-45F8-A362-B30078EF0D87}
		{2D77A19A-C400-47B2-9C2C-27464D0DB551} = {9623F9BD-BFC7-45F8-A362-B30078EF0D87}
		{57571440-9280-4BC9-8703-748657453751} = {9623F9BD-BFC7-45F8-A362-B30078EF0D87}
		{55F21E3C-904B-4964-8ED8-CDED6A2257CA} = {8DD170F5-7927-4EE9-82D0-025B64941B9E}
		{BAD79892-5D22-4492-AB9B-CE59D58DB1E7} = {8DD170F5-7927-4EE9-82D0-025B64941B9E}
		{D919B740-E75E-41BB-BB94-0AB5C791A4FD} = {8DD170F5-7927-4EE9-82D0-025B64941B9E}
		{B7DA29FD-72E3-4A78-A17E-E2F6C0B5777C} = {D4A82C3D-A50B-473A-AF09-710DE5C89D41}
		{9110D107-B4CE-4EA7-8918-B59A8E5A31F9} = {D4A82C3D-A50B-473A-AF09-710DE5C89D41}
		{67E505D7-0A8D-45E0-AA47-F52324C0E0D2} = {D4A82C3D-A50B-473A-AF09-710DE5C89D41}
		{24082A6A-9878-448F-885B-0D87EC3697F9} = {42D884EC-2E39-4D9A-9BF7-31C207F38992}
		{DA58762B-6D34-4570-A1FE-668279B7810F} = {42D884EC-2E39-4D9A-9BF7-31C207F38992}
		{09E90910-138F-4726-BD18-6AA4B28C229C} = {42D884EC-2E39-4D9A-9BF7-31C207F38992}
		{2E388147-C704-4752-AE18-7B5B0EDC88B8} = {BF6483CD-5383-4ECF-AD07-83824443233E}
		{29A3972F-E10D-48D1-B43A-A8B4626812FF} = {BF6483CD-5383-4ECF-AD07-83824443233E}
		{A5D7BADA-3321-4498-8262-449B31B504F5} = {BF6483CD-5383-4ECF-AD07-83824443233E}
		{B9F925B2-1B20-4E41-B57A-702B44FF6041} = {B6809C53-C6C6-4AD7-88BC-3B6A13072642}
		{6818AFFC-B675-455B-81C5-64B37223BD05} = {B6809C53-C6C6-4AD7-88BC-3B6A13072642}
		{712BEFB8-96A0-467A-AF6D-49AE816D4195} = {B6809C53-C6C6-4AD7-88BC-3B6A13072642}
	EndGlobalSection
	GlobalSection(ExtensibilityGlobals) = postSolution
		SolutionGuid = {74268D62-530B-4134-AA62-968D76AD2D86}
	EndGlobalSection
EndGlobal
